// !$*UTF8*$!
{
	archiveVersion = 1;
	classes = {
	};
	objectVersion = 46;
	objects = {

/* Begin PBXBuildFile section */
		76D6CA071F245FA40021198C /* ResponseTests.swift in Sources */ = {isa = PBXBuildFile; fileRef = 76D6C9FD1F245DE70021198C /* ResponseTests.swift */; };
		76D6CA081F245FA40021198C /* RequestTests.swift in Sources */ = {isa = PBXBuildFile; fileRef = 76D6C9FE1F245DE70021198C /* RequestTests.swift */; };
		76D6CA091F245FA40021198C /* RequestQueueTests.swift in Sources */ = {isa = PBXBuildFile; fileRef = 76D6C9FF1F245DE70021198C /* RequestQueueTests.swift */; };
		76D6CA0A1F245FA40021198C /* RequestConverterTests.swift in Sources */ = {isa = PBXBuildFile; fileRef = 76D6CA001F245DE70021198C /* RequestConverterTests.swift */; };
		76D6CA0B1F245FA40021198C /* ParametersTests.swift in Sources */ = {isa = PBXBuildFile; fileRef = 76D6CA011F245DE70021198C /* ParametersTests.swift */; };
		OBJ_34 /* AutoMapping.swift in Sources */ = {isa = PBXBuildFile; fileRef = OBJ_20 /* AutoMapping.swift */; };
		OBJ_35 /* Convertible.swift in Sources */ = {isa = PBXBuildFile; fileRef = OBJ_21 /* Convertible.swift */; };
		OBJ_36 /* ConvertibleTypes.swift in Sources */ = {isa = PBXBuildFile; fileRef = OBJ_22 /* ConvertibleTypes.swift */; };
		OBJ_37 /* Serializable.swift in Sources */ = {isa = PBXBuildFile; fileRef = OBJ_23 /* Serializable.swift */; };
		OBJ_38 /* Serializer.swift in Sources */ = {isa = PBXBuildFile; fileRef = OBJ_24 /* Serializer.swift */; };
		OBJ_45 /* DRError.swift in Sources */ = {isa = PBXBuildFile; fileRef = OBJ_8 /* DRError.swift */; };
		OBJ_46 /* Parameters.swift in Sources */ = {isa = PBXBuildFile; fileRef = OBJ_9 /* Parameters.swift */; };
		OBJ_47 /* Request.swift in Sources */ = {isa = PBXBuildFile; fileRef = OBJ_10 /* Request.swift */; };
		OBJ_48 /* RequestConverter.swift in Sources */ = {isa = PBXBuildFile; fileRef = OBJ_11 /* RequestConverter.swift */; };
		OBJ_49 /* RequestQueue.swift in Sources */ = {isa = PBXBuildFile; fileRef = OBJ_12 /* RequestQueue.swift */; };
		OBJ_50 /* Response.swift in Sources */ = {isa = PBXBuildFile; fileRef = OBJ_13 /* Response.swift */; };
		OBJ_52 /* Ditto.framework in Frameworks */ = {isa = PBXBuildFile; fileRef = OBJ_26 /* Ditto.framework */; };
		OBJ_61 /* Ditto.framework in Frameworks */ = {isa = PBXBuildFile; fileRef = OBJ_26 /* Ditto.framework */; };
		OBJ_62 /* Dratini.framework in Frameworks */ = {isa = PBXBuildFile; fileRef = OBJ_27 /* Dratini.framework */; };
/* End PBXBuildFile section */

/* Begin PBXContainerItemProxy section */
		76D6C9FA1F245DA90021198C /* PBXContainerItemProxy */ = {
			isa = PBXContainerItemProxy;
			containerPortal = OBJ_1 /* Project object */;
			proxyType = 1;
			remoteGlobalIDString = OBJ_29;
			remoteInfo = Ditto;
		};
		76D6C9FB1F245DA90021198C /* PBXContainerItemProxy */ = {
			isa = PBXContainerItemProxy;
			containerPortal = OBJ_1 /* Project object */;
			proxyType = 1;
			remoteGlobalIDString = OBJ_29;
			remoteInfo = Ditto;
		};
		76D6C9FC1F245DA90021198C /* PBXContainerItemProxy */ = {
			isa = PBXContainerItemProxy;
			containerPortal = OBJ_1 /* Project object */;
			proxyType = 1;
			remoteGlobalIDString = OBJ_40;
			remoteInfo = Dratini;
		};
/* End PBXContainerItemProxy section */

/* Begin PBXFileReference section */
		76D6C9FD1F245DE70021198C /* ResponseTests.swift */ = {isa = PBXFileReference; fileEncoding = 4; lastKnownFileType = sourcecode.swift; path = ResponseTests.swift; sourceTree = "<group>"; };
		76D6C9FE1F245DE70021198C /* RequestTests.swift */ = {isa = PBXFileReference; fileEncoding = 4; lastKnownFileType = sourcecode.swift; path = RequestTests.swift; sourceTree = "<group>"; };
		76D6C9FF1F245DE70021198C /* RequestQueueTests.swift */ = {isa = PBXFileReference; fileEncoding = 4; lastKnownFileType = sourcecode.swift; path = RequestQueueTests.swift; sourceTree = "<group>"; };
		76D6CA001F245DE70021198C /* RequestConverterTests.swift */ = {isa = PBXFileReference; fileEncoding = 4; lastKnownFileType = sourcecode.swift; path = RequestConverterTests.swift; sourceTree = "<group>"; };
		76D6CA011F245DE70021198C /* ParametersTests.swift */ = {isa = PBXFileReference; fileEncoding = 4; lastKnownFileType = sourcecode.swift; path = ParametersTests.swift; sourceTree = "<group>"; };
		OBJ_10 /* Request.swift */ = {isa = PBXFileReference; lastKnownFileType = sourcecode.swift; path = Request.swift; sourceTree = "<group>"; };
		OBJ_11 /* RequestConverter.swift */ = {isa = PBXFileReference; lastKnownFileType = sourcecode.swift; path = RequestConverter.swift; sourceTree = "<group>"; };
		OBJ_12 /* RequestQueue.swift */ = {isa = PBXFileReference; lastKnownFileType = sourcecode.swift; path = RequestQueue.swift; sourceTree = "<group>"; };
		OBJ_13 /* Response.swift */ = {isa = PBXFileReference; lastKnownFileType = sourcecode.swift; path = Response.swift; sourceTree = "<group>"; };
		OBJ_20 /* AutoMapping.swift */ = {isa = PBXFileReference; lastKnownFileType = sourcecode.swift; path = AutoMapping.swift; sourceTree = "<group>"; };
		OBJ_21 /* Convertible.swift */ = {isa = PBXFileReference; lastKnownFileType = sourcecode.swift; path = Convertible.swift; sourceTree = "<group>"; };
		OBJ_22 /* ConvertibleTypes.swift */ = {isa = PBXFileReference; lastKnownFileType = sourcecode.swift; path = ConvertibleTypes.swift; sourceTree = "<group>"; };
		OBJ_23 /* Serializable.swift */ = {isa = PBXFileReference; lastKnownFileType = sourcecode.swift; path = Serializable.swift; sourceTree = "<group>"; };
		OBJ_24 /* Serializer.swift */ = {isa = PBXFileReference; lastKnownFileType = sourcecode.swift; path = Serializer.swift; sourceTree = "<group>"; };
		OBJ_26 /* Ditto.framework */ = {isa = PBXFileReference; explicitFileType = wrapper.framework; path = Ditto.framework; sourceTree = BUILT_PRODUCTS_DIR; };
		OBJ_27 /* Dratini.framework */ = {isa = PBXFileReference; explicitFileType = wrapper.framework; path = Dratini.framework; sourceTree = BUILT_PRODUCTS_DIR; };
		OBJ_28 /* DratiniTests.xctest */ = {isa = PBXFileReference; lastKnownFileType = file; path = DratiniTests.xctest; sourceTree = BUILT_PRODUCTS_DIR; };
		OBJ_6 /* Package.swift */ = {isa = PBXFileReference; explicitFileType = sourcecode.swift; path = Package.swift; sourceTree = "<group>"; };
		OBJ_8 /* DRError.swift */ = {isa = PBXFileReference; lastKnownFileType = sourcecode.swift; path = DRError.swift; sourceTree = "<group>"; };
		OBJ_9 /* Parameters.swift */ = {isa = PBXFileReference; lastKnownFileType = sourcecode.swift; path = Parameters.swift; sourceTree = "<group>"; };
/* End PBXFileReference section */

/* Begin PBXFrameworksBuildPhase section */
		OBJ_39 /* Frameworks */ = {
			isa = PBXFrameworksBuildPhase;
			buildActionMask = 0;
			files = (
			);
			runOnlyForDeploymentPostprocessing = 0;
		};
		OBJ_51 /* Frameworks */ = {
			isa = PBXFrameworksBuildPhase;
			buildActionMask = 0;
			files = (
				OBJ_52 /* Ditto.framework in Frameworks */,
			);
			runOnlyForDeploymentPostprocessing = 0;
		};
		OBJ_60 /* Frameworks */ = {
			isa = PBXFrameworksBuildPhase;
			buildActionMask = 0;
			files = (
				OBJ_61 /* Ditto.framework in Frameworks */,
				OBJ_62 /* Dratini.framework in Frameworks */,
			);
			runOnlyForDeploymentPostprocessing = 0;
		};
/* End PBXFrameworksBuildPhase section */

/* Begin PBXGroup section */
		OBJ_14 /* Tests */ = {
			isa = PBXGroup;
			children = (
				OBJ_15 /* DratiniTests */,
			);
			name = Tests;
			sourceTree = SOURCE_ROOT;
		};
		OBJ_15 /* DratiniTests */ = {
			isa = PBXGroup;
			children = (
				76D6C9FD1F245DE70021198C /* ResponseTests.swift */,
				76D6C9FE1F245DE70021198C /* RequestTests.swift */,
				76D6C9FF1F245DE70021198C /* RequestQueueTests.swift */,
				76D6CA001F245DE70021198C /* RequestConverterTests.swift */,
				76D6CA011F245DE70021198C /* ParametersTests.swift */,
			);
			name = DratiniTests;
			path = Tests/DratiniTests;
			sourceTree = SOURCE_ROOT;
		};
		OBJ_18 /* Dependencies */ = {
			isa = PBXGroup;
			children = (
				OBJ_19 /* Ditto 1.0.3 */,
			);
			name = Dependencies;
			sourceTree = "<group>";
		};
		OBJ_19 /* Ditto 1.0.3 */ = {
			isa = PBXGroup;
			children = (
				OBJ_20 /* AutoMapping.swift */,
				OBJ_21 /* Convertible.swift */,
				OBJ_22 /* ConvertibleTypes.swift */,
				OBJ_23 /* Serializable.swift */,
				OBJ_24 /* Serializer.swift */,
			);
			name = "Ditto 1.0.3";
			path = ".build/checkouts/Ditto.git--15477487491508354/Sources";
			sourceTree = SOURCE_ROOT;
		};
		OBJ_25 /* Products */ = {
			isa = PBXGroup;
			children = (
				OBJ_26 /* Ditto.framework */,
				OBJ_27 /* Dratini.framework */,
				OBJ_28 /* DratiniTests.xctest */,
			);
			name = Products;
			sourceTree = BUILT_PRODUCTS_DIR;
		};
		OBJ_5 = {
			isa = PBXGroup;
			children = (
				OBJ_6 /* Package.swift */,
				OBJ_7 /* Sources */,
				OBJ_14 /* Tests */,
				OBJ_18 /* Dependencies */,
				OBJ_25 /* Products */,
			);
			sourceTree = "<group>";
		};
		OBJ_7 /* Sources */ = {
			isa = PBXGroup;
			children = (
				OBJ_8 /* DRError.swift */,
				OBJ_9 /* Parameters.swift */,
				OBJ_10 /* Request.swift */,
				OBJ_11 /* RequestConverter.swift */,
				OBJ_12 /* RequestQueue.swift */,
				OBJ_13 /* Response.swift */,
			);
			path = Sources;
			sourceTree = SOURCE_ROOT;
		};
/* End PBXGroup section */

/* Begin PBXNativeTarget section */
		OBJ_29 /* Ditto */ = {
			isa = PBXNativeTarget;
			buildConfigurationList = OBJ_30 /* Build configuration list for PBXNativeTarget "Ditto" */;
			buildPhases = (
				OBJ_33 /* Sources */,
				OBJ_39 /* Frameworks */,
			);
			buildRules = (
			);
			dependencies = (
			);
			name = Ditto;
			productName = Ditto;
			productReference = OBJ_26 /* Ditto.framework */;
			productType = "com.apple.product-type.framework";
		};
		OBJ_40 /* Dratini */ = {
			isa = PBXNativeTarget;
			buildConfigurationList = OBJ_41 /* Build configuration list for PBXNativeTarget "Dratini" */;
			buildPhases = (
				OBJ_44 /* Sources */,
				OBJ_51 /* Frameworks */,
			);
			buildRules = (
			);
			dependencies = (
				OBJ_53 /* PBXTargetDependency */,
			);
			name = Dratini;
			productName = Dratini;
			productReference = OBJ_27 /* Dratini.framework */;
			productType = "com.apple.product-type.framework";
		};
		OBJ_54 /* DratiniTests */ = {
			isa = PBXNativeTarget;
			buildConfigurationList = OBJ_55 /* Build configuration list for PBXNativeTarget "DratiniTests" */;
			buildPhases = (
				OBJ_58 /* Sources */,
				OBJ_60 /* Frameworks */,
			);
			buildRules = (
			);
			dependencies = (
				OBJ_63 /* PBXTargetDependency */,
				OBJ_64 /* PBXTargetDependency */,
			);
			name = DratiniTests;
			productName = DratiniTests;
			productReference = OBJ_28 /* DratiniTests.xctest */;
			productType = "com.apple.product-type.bundle.unit-test";
		};
/* End PBXNativeTarget section */

/* Begin PBXProject section */
		OBJ_1 /* Project object */ = {
			isa = PBXProject;
			attributes = {
				LastUpgradeCheck = 9999;
			};
			buildConfigurationList = OBJ_2 /* Build configuration list for PBXProject "Dratini" */;
			compatibilityVersion = "Xcode 3.2";
			developmentRegion = English;
			hasScannedForEncodings = 0;
			knownRegions = (
				en,
			);
			mainGroup = OBJ_5;
			productRefGroup = OBJ_25 /* Products */;
			projectDirPath = "";
			projectRoot = "";
			targets = (
				OBJ_29 /* Ditto */,
				OBJ_40 /* Dratini */,
				OBJ_54 /* DratiniTests */,
			);
		};
/* End PBXProject section */

/* Begin PBXSourcesBuildPhase section */
		OBJ_33 /* Sources */ = {
			isa = PBXSourcesBuildPhase;
			buildActionMask = 0;
			files = (
				OBJ_34 /* AutoMapping.swift in Sources */,
				OBJ_35 /* Convertible.swift in Sources */,
				OBJ_36 /* ConvertibleTypes.swift in Sources */,
				OBJ_37 /* Serializable.swift in Sources */,
				OBJ_38 /* Serializer.swift in Sources */,
			);
			runOnlyForDeploymentPostprocessing = 0;
		};
		OBJ_44 /* Sources */ = {
			isa = PBXSourcesBuildPhase;
			buildActionMask = 0;
			files = (
				OBJ_45 /* DRError.swift in Sources */,
				OBJ_46 /* Parameters.swift in Sources */,
				OBJ_47 /* Request.swift in Sources */,
				OBJ_48 /* RequestConverter.swift in Sources */,
				OBJ_49 /* RequestQueue.swift in Sources */,
				OBJ_50 /* Response.swift in Sources */,
			);
			runOnlyForDeploymentPostprocessing = 0;
		};
		OBJ_58 /* Sources */ = {
			isa = PBXSourcesBuildPhase;
			buildActionMask = 0;
			files = (
				76D6CA071F245FA40021198C /* ResponseTests.swift in Sources */,
				76D6CA081F245FA40021198C /* RequestTests.swift in Sources */,
				76D6CA091F245FA40021198C /* RequestQueueTests.swift in Sources */,
				76D6CA0A1F245FA40021198C /* RequestConverterTests.swift in Sources */,
				76D6CA0B1F245FA40021198C /* ParametersTests.swift in Sources */,
			);
			runOnlyForDeploymentPostprocessing = 0;
		};
/* End PBXSourcesBuildPhase section */

/* Begin PBXTargetDependency section */
		OBJ_53 /* PBXTargetDependency */ = {
			isa = PBXTargetDependency;
			target = OBJ_29 /* Ditto */;
			targetProxy = 76D6C9FA1F245DA90021198C /* PBXContainerItemProxy */;
		};
		OBJ_63 /* PBXTargetDependency */ = {
			isa = PBXTargetDependency;
			target = OBJ_29 /* Ditto */;
			targetProxy = 76D6C9FB1F245DA90021198C /* PBXContainerItemProxy */;
		};
		OBJ_64 /* PBXTargetDependency */ = {
			isa = PBXTargetDependency;
			target = OBJ_40 /* Dratini */;
			targetProxy = 76D6C9FC1F245DA90021198C /* PBXContainerItemProxy */;
		};
/* End PBXTargetDependency section */

/* Begin XCBuildConfiguration section */
		OBJ_3 /* Debug */ = {
			isa = XCBuildConfiguration;
			buildSettings = {
				CLANG_ENABLE_OBJC_ARC = YES;
				COMBINE_HIDPI_IMAGES = YES;
				COPY_PHASE_STRIP = NO;
				DEBUG_INFORMATION_FORMAT = dwarf;
				DYLIB_INSTALL_NAME_BASE = "@rpath";
				ENABLE_NS_ASSERTIONS = YES;
				GCC_OPTIMIZATION_LEVEL = 0;
				IPHONEOS_DEPLOYMENT_TARGET = 8.0;
				MACOSX_DEPLOYMENT_TARGET = 10.10;
				ONLY_ACTIVE_ARCH = YES;
				OTHER_SWIFT_FLAGS = "-DXcode";
				PRODUCT_NAME = "$(TARGET_NAME)";
				SDKROOT = iphoneos;
				SUPPORTED_PLATFORMS = "macosx iphoneos iphonesimulator appletvos appletvsimulator watchos watchsimulator";
				SWIFT_ACTIVE_COMPILATION_CONDITIONS = SWIFT_PACKAGE;
				SWIFT_OPTIMIZATION_LEVEL = "-Onone";
				SWIFT_VERSION = 3.0;
				USE_HEADERMAP = NO;
			};
			name = Debug;
		};
		OBJ_31 /* Debug */ = {
			isa = XCBuildConfiguration;
			buildSettings = {
				ENABLE_TESTABILITY = YES;
				FRAMEWORK_SEARCH_PATHS = (
					"$(inherited)",
					"$(PLATFORM_DIR)/Developer/Library/Frameworks",
				);
				HEADER_SEARCH_PATHS = "$(inherited)";
				INFOPLIST_FILE = Dratini.xcodeproj/Ditto_Info.plist;
				LD_RUNPATH_SEARCH_PATHS = "$(TOOLCHAIN_DIR)/usr/lib/swift/macosx";
				OTHER_LDFLAGS = "$(inherited)";
				OTHER_SWIFT_FLAGS = "$(inherited)";
				PRODUCT_BUNDLE_IDENTIFIER = Ditto;
				PRODUCT_MODULE_NAME = "$(TARGET_NAME:c99extidentifier)";
				PRODUCT_NAME = "$(TARGET_NAME:c99extidentifier)";
				SKIP_INSTALL = YES;
				TARGET_NAME = Ditto;
			};
			name = Debug;
		};
		OBJ_32 /* Release */ = {
			isa = XCBuildConfiguration;
			buildSettings = {
				ENABLE_TESTABILITY = YES;
				FRAMEWORK_SEARCH_PATHS = (
					"$(inherited)",
					"$(PLATFORM_DIR)/Developer/Library/Frameworks",
				);
				HEADER_SEARCH_PATHS = "$(inherited)";
				INFOPLIST_FILE = Dratini.xcodeproj/Ditto_Info.plist;
				LD_RUNPATH_SEARCH_PATHS = "$(TOOLCHAIN_DIR)/usr/lib/swift/macosx";
				OTHER_LDFLAGS = "$(inherited)";
				OTHER_SWIFT_FLAGS = "$(inherited)";
				PRODUCT_BUNDLE_IDENTIFIER = Ditto;
				PRODUCT_MODULE_NAME = "$(TARGET_NAME:c99extidentifier)";
				PRODUCT_NAME = "$(TARGET_NAME:c99extidentifier)";
				SKIP_INSTALL = YES;
				TARGET_NAME = Ditto;
			};
			name = Release;
		};
		OBJ_4 /* Release */ = {
			isa = XCBuildConfiguration;
			buildSettings = {
				CLANG_ENABLE_OBJC_ARC = YES;
				COMBINE_HIDPI_IMAGES = YES;
				COPY_PHASE_STRIP = YES;
				DEBUG_INFORMATION_FORMAT = "dwarf-with-dsym";
				DYLIB_INSTALL_NAME_BASE = "@rpath";
				GCC_OPTIMIZATION_LEVEL = s;
				IPHONEOS_DEPLOYMENT_TARGET = 8.0;
				MACOSX_DEPLOYMENT_TARGET = 10.10;
				OTHER_SWIFT_FLAGS = "-DXcode";
				PRODUCT_NAME = "$(TARGET_NAME)";
				SDKROOT = iphoneos;
				SUPPORTED_PLATFORMS = "macosx iphoneos iphonesimulator appletvos appletvsimulator watchos watchsimulator";
				SWIFT_ACTIVE_COMPILATION_CONDITIONS = SWIFT_PACKAGE;
				SWIFT_OPTIMIZATION_LEVEL = "-Owholemodule";
				SWIFT_VERSION = 3.0;
				USE_HEADERMAP = NO;
			};
			name = Release;
		};
		OBJ_42 /* Debug */ = {
			isa = XCBuildConfiguration;
			buildSettings = {
				ENABLE_TESTABILITY = YES;
				FRAMEWORK_SEARCH_PATHS = (
					"$(inherited)",
					"$(PLATFORM_DIR)/Developer/Library/Frameworks",
				);
				HEADER_SEARCH_PATHS = "$(inherited)";
				INFOPLIST_FILE = Dratini.xcodeproj/Dratini_Info.plist;
				LD_RUNPATH_SEARCH_PATHS = "$(TOOLCHAIN_DIR)/usr/lib/swift/macosx";
				OTHER_LDFLAGS = "$(inherited)";
				OTHER_SWIFT_FLAGS = "$(inherited)";
				PRODUCT_BUNDLE_IDENTIFIER = Dratini;
				PRODUCT_MODULE_NAME = "$(TARGET_NAME:c99extidentifier)";
				PRODUCT_NAME = "$(TARGET_NAME:c99extidentifier)";
				SKIP_INSTALL = YES;
				TARGET_NAME = Dratini;
			};
			name = Debug;
		};
		OBJ_43 /* Release */ = {
			isa = XCBuildConfiguration;
			buildSettings = {
				ENABLE_TESTABILITY = YES;
				FRAMEWORK_SEARCH_PATHS = (
					"$(inherited)",
					"$(PLATFORM_DIR)/Developer/Library/Frameworks",
				);
				HEADER_SEARCH_PATHS = "$(inherited)";
				INFOPLIST_FILE = Dratini.xcodeproj/Dratini_Info.plist;
				LD_RUNPATH_SEARCH_PATHS = "$(TOOLCHAIN_DIR)/usr/lib/swift/macosx";
				OTHER_LDFLAGS = "$(inherited)";
				OTHER_SWIFT_FLAGS = "$(inherited)";
				PRODUCT_BUNDLE_IDENTIFIER = Dratini;
				PRODUCT_MODULE_NAME = "$(TARGET_NAME:c99extidentifier)";
				PRODUCT_NAME = "$(TARGET_NAME:c99extidentifier)";
				SKIP_INSTALL = YES;
				TARGET_NAME = Dratini;
			};
			name = Release;
		};
		OBJ_56 /* Debug */ = {
			isa = XCBuildConfiguration;
			buildSettings = {
				EMBEDDED_CONTENT_CONTAINS_SWIFT = YES;
				FRAMEWORK_SEARCH_PATHS = (
					"$(inherited)",
					"$(PLATFORM_DIR)/Developer/Library/Frameworks",
				);
				HEADER_SEARCH_PATHS = "$(inherited)";
				INFOPLIST_FILE = Dratini.xcodeproj/DratiniTests_Info.plist;
				LD_RUNPATH_SEARCH_PATHS = "@loader_path/../Frameworks @loader_path/Frameworks";
				OTHER_LDFLAGS = "$(inherited)";
				OTHER_SWIFT_FLAGS = "$(inherited)";
				TARGET_NAME = DratiniTests;
			};
			name = Debug;
		};
		OBJ_57 /* Release */ = {
			isa = XCBuildConfiguration;
			buildSettings = {
				EMBEDDED_CONTENT_CONTAINS_SWIFT = YES;
				FRAMEWORK_SEARCH_PATHS = (
					"$(inherited)",
					"$(PLATFORM_DIR)/Developer/Library/Frameworks",
				);
				HEADER_SEARCH_PATHS = "$(inherited)";
				INFOPLIST_FILE = Dratini.xcodeproj/DratiniTests_Info.plist;
				LD_RUNPATH_SEARCH_PATHS = "@loader_path/../Frameworks @loader_path/Frameworks";
				OTHER_LDFLAGS = "$(inherited)";
				OTHER_SWIFT_FLAGS = "$(inherited)";
				TARGET_NAME = DratiniTests;
			};
			name = Release;
		};
/* End XCBuildConfiguration section */

/* Begin XCConfigurationList section */
		OBJ_2 /* Build configuration list for PBXProject "Dratini" */ = {
			isa = XCConfigurationList;
			buildConfigurations = (
				OBJ_3 /* Debug */,
				OBJ_4 /* Release */,
			);
			defaultConfigurationIsVisible = 0;
			defaultConfigurationName = Debug;
		};
		OBJ_30 /* Build configuration list for PBXNativeTarget "Ditto" */ = {
			isa = XCConfigurationList;
			buildConfigurations = (
				OBJ_31 /* Debug */,
				OBJ_32 /* Release */,
			);
			defaultConfigurationIsVisible = 0;
			defaultConfigurationName = Debug;
		};
		OBJ_41 /* Build configuration list for PBXNativeTarget "Dratini" */ = {
			isa = XCConfigurationList;
			buildConfigurations = (
				OBJ_42 /* Debug */,
				OBJ_43 /* Release */,
			);
			defaultConfigurationIsVisible = 0;
			defaultConfigurationName = Debug;
		};
		OBJ_55 /* Build configuration list for PBXNativeTarget "DratiniTests" */ = {
			isa = XCConfigurationList;
			buildConfigurations = (
				OBJ_56 /* Debug */,
				OBJ_57 /* Release */,
			);
			defaultConfigurationIsVisible = 0;
			defaultConfigurationName = Debug;
		};
/* End XCConfigurationList section */
	};
	rootObject = OBJ_1 /* Project object */;
}
